
Microsoft Visual Studio Solution File, Format Version 12.00
# Visual Studio Version 17
VisualStudioVersion = 17.1.32210.238
MinimumVisualStudioVersion = 10.0.40219.1
Project("{8BC9CEB8-8B4A-11D0-8D11-00A0C91BC942}") = "递归-把一个字符串内容逆序", "递归-把一个字符串内容逆序\递归-把一个字符串内容逆序.vcxproj", "{A60F3537-5F80-41BE-AD2C-DC34F8693DBF}"
EndProject
Global
	GlobalSection(SolutionConfigurationPlatforms) = preSolution
		Debug|x64 = Debug|x64
		Debug|x86 = Debug|x86
		Release|x64 = Release|x64
		Release|x86 = Release|x86
	EndGlobalSection
	GlobalSection(ProjectConfigurationPlatforms) = postSolution
		{A60F3537-5F80-41BE-AD2C-DC34F8693DBF}.Debug|x64.ActiveCfg = Debug|x64
		{A60F3537-5F80-41BE-AD2C-DC34F8693DBF}.Debug|x64.Build.0 = Debug|x64
		{A60F3537-5F80-41BE-AD2C-DC34F8693DBF}.Debug|x86.ActiveCfg = Debug|Win32
		{A60F3537-5F80-41BE-AD2C-DC34F8693DBF}.Debug|x86.Build.0 = Debug|Win32
		{A60F3537-5F80-41BE-AD2C-DC34F8693DBF}.Release|x64.ActiveCfg = Release|x64
		{A60F3537-5F80-41BE-AD2C-DC34F8693DBF}.Release|x64.Build.0 = Release|x64
		{A60F3537-5F80-41BE-AD2C-DC34F8693DBF}.Release|x86.ActiveCfg = Release|Win32
		{A60F3537-5F80-41BE-AD2C-DC34F8693DBF}.Release|x86.Build.0 = Release|Win32
	EndGlobalSection
	GlobalSection(SolutionProperties) = preSolution
		HideSolutionNode = FALSE
	EndGlobalSection
	GlobalSection(ExtensibilityGlobals) = postSolution
		SolutionGuid = {F37390ED-0BCE-4759-A096-9EC0A527FC75}
	EndGlobalSection
EndGlobal
