
Microsoft Visual Studio Solution File, Format Version 12.00
# Visual Studio Version 17
VisualStudioVersion = 17.1.32210.238
MinimumVisualStudioVersion = 10.0.40219.1
Project("{8BC9CEB8-8B4A-11D0-8D11-00A0C91BC942}") = "找第二大的数", "找第二大的数\找第二大的数.vcxproj", "{13AD14A0-7A8C-4066-AEF9-99F38F0A12C3}"
EndProject
Global
	GlobalSection(SolutionConfigurationPlatforms) = preSolution
		Debug|x64 = Debug|x64
		Debug|x86 = Debug|x86
		Release|x64 = Release|x64
		Release|x86 = Release|x86
	EndGlobalSection
	GlobalSection(ProjectConfigurationPlatforms) = postSolution
		{13AD14A0-7A8C-4066-AEF9-99F38F0A12C3}.Debug|x64.ActiveCfg = Debug|x64
		{13AD14A0-7A8C-4066-AEF9-99F38F0A12C3}.Debug|x64.Build.0 = Debug|x64
		{13AD14A0-7A8C-4066-AEF9-99F38F0A12C3}.Debug|x86.ActiveCfg = Debug|Win32
		{13AD14A0-7A8C-4066-AEF9-99F38F0A12C3}.Debug|x86.Build.0 = Debug|Win32
		{13AD14A0-7A8C-4066-AEF9-99F38F0A12C3}.Release|x64.ActiveCfg = Release|x64
		{13AD14A0-7A8C-4066-AEF9-99F38F0A12C3}.Release|x64.Build.0 = Release|x64
		{13AD14A0-7A8C-4066-AEF9-99F38F0A12C3}.Release|x86.ActiveCfg = Release|Win32
		{13AD14A0-7A8C-4066-AEF9-99F38F0A12C3}.Release|x86.Build.0 = Release|Win32
	EndGlobalSection
	GlobalSection(SolutionProperties) = preSolution
		HideSolutionNode = FALSE
	EndGlobalSection
	GlobalSection(ExtensibilityGlobals) = postSolution
		SolutionGuid = {A90C00F7-F138-4850-9C61-83DC855EF17A}
	EndGlobalSection
EndGlobal
